
Microsoft Visual Studio Solution File, Format Version 12.00
Project("{FAE04EC0-301F-11D3-BF4B-00C04F79EFBC}") = "Web", "Web\Web.csproj", "{9EB157B9-2B93-4DAB-B3EB-56B76EF30173}"
EndProject
Project("{FAE04EC0-301F-11D3-BF4B-00C04F79EFBC}") = "Data", "Data\Data.csproj", "{544EF34D-3E69-4113-A22D-6187D4C74772}"
EndProject
Project("{FAE04EC0-301F-11D3-BF4B-00C04F79EFBC}") = "Service", "Service\Service.csproj", "{EDE7AFAB-DAE4-4D82-8FB8-121C767F7E48}"
EndProject
Project("{FAE04EC0-301F-11D3-BF4B-00C04F79EFBC}") = "Repository", "Repository\Repository.csproj", "{21F3CDFD-AF72-44A8-B737-8DD7B982C73A}"
EndProject
Global
	GlobalSection(SolutionConfigurationPlatforms) = preSolution
		Debug|Any CPU = Debug|Any CPU
		Release|Any CPU = Release|Any CPU
	EndGlobalSection
	GlobalSection(ProjectConfigurationPlatforms) = postSolution
		{9EB157B9-2B93-4DAB-B3EB-56B76EF30173}.Debug|Any CPU.ActiveCfg = Debug|Any CPU
		{9EB157B9-2B93-4DAB-B3EB-56B76EF30173}.Debug|Any CPU.Build.0 = Debug|Any CPU
		{9EB157B9-2B93-4DAB-B3EB-56B76EF30173}.Release|Any CPU.ActiveCfg = Release|Any CPU
		{9EB157B9-2B93-4DAB-B3EB-56B76EF30173}.Release|Any CPU.Build.0 = Release|Any CPU
		{544EF34D-3E69-4113-A22D-6187D4C74772}.Debug|Any CPU.ActiveCfg = Debug|Any CPU
		{544EF34D-3E69-4113-A22D-6187D4C74772}.Debug|Any CPU.Build.0 = Debug|Any CPU
		{544EF34D-3E69-4113-A22D-6187D4C74772}.Release|Any CPU.ActiveCfg = Release|Any CPU
		{544EF34D-3E69-4113-A22D-6187D4C74772}.Release|Any CPU.Build.0 = Release|Any CPU
		{EDE7AFAB-DAE4-4D82-8FB8-121C767F7E48}.Debug|Any CPU.ActiveCfg = Debug|Any CPU
		{EDE7AFAB-DAE4-4D82-8FB8-121C767F7E48}.Debug|Any CPU.Build.0 = Debug|Any CPU
		{EDE7AFAB-DAE4-4D82-8FB8-121C767F7E48}.Release|Any CPU.ActiveCfg = Release|Any CPU
		{EDE7AFAB-DAE4-4D82-8FB8-121C767F7E48}.Release|Any CPU.Build.0 = Release|Any CPU
		{21F3CDFD-AF72-44A8-B737-8DD7B982C73A}.Debug|Any CPU.ActiveCfg = Debug|Any CPU
		{21F3CDFD-AF72-44A8-B737-8DD7B982C73A}.Debug|Any CPU.Build.0 = Debug|Any CPU
		{21F3CDFD-AF72-44A8-B737-8DD7B982C73A}.Release|Any CPU.ActiveCfg = Release|Any CPU
		{21F3CDFD-AF72-44A8-B737-8DD7B982C73A}.Release|Any CPU.Build.0 = Release|Any CPU
	EndGlobalSection
EndGlobal
